// !$*UTF8*$!
{
	archiveVersion = 1;
	classes = {
	};
	objectVersion = 46;
	objects = {

/* Begin PBXBuildFile section */
		0128A3981D84A12500FB35AC /* main.swift in Sources */ = {isa = PBXBuildFile; fileRef = 0128A3971D84A12500FB35AC /* main.swift */; };
		0128A3A11D84A1BD00FB35AC /* Watcher.c in Sources */ = {isa = PBXBuildFile; fileRef = 0128A39F1D84A1BD00FB35AC /* Watcher.c */; };
		0128A3A31D84A3B300FB35AC /* IOKit.framework in Frameworks */ = {isa = PBXBuildFile; fileRef = 0128A3A21D84A3B300FB35AC /* IOKit.framework */; };
/* End PBXBuildFile section */

/* Begin PBXCopyFilesBuildPhase section */
		0128A3921D84A12500FB35AC /* CopyFiles */ = {
			isa = PBXCopyFilesBuildPhase;
			buildActionMask = 2147483647;
			dstPath = /usr/share/man/man1/;
			dstSubfolderSpec = 0;
			files = (
			);
			runOnlyForDeploymentPostprocessing = 1;
		};
/* End PBXCopyFilesBuildPhase section */

/* Begin PBXFileReference section */
		0128A3941D84A12500FB35AC /* KeyManager */ = {isa = PBXFileReference; explicitFileType = "compiled.mach-o.executable"; includeInIndex = 0; path = KeyManager; sourceTree = BUILT_PRODUCTS_DIR; };
		0128A3971D84A12500FB35AC /* main.swift */ = {isa = PBXFileReference; lastKnownFileType = sourcecode.swift; path = main.swift; sourceTree = "<group>"; };
		0128A39E1D84A1BC00FB35AC /* KeyManager-Bridging-Header.h */ = {isa = PBXFileReference; lastKnownFileType = sourcecode.c.h; path = "KeyManager-Bridging-Header.h"; sourceTree = "<group>"; };
		0128A39F1D84A1BD00FB35AC /* Watcher.c */ = {isa = PBXFileReference; fileEncoding = 4; lastKnownFileType = sourcecode.c.c; path = Watcher.c; sourceTree = "<group>"; };
		0128A3A21D84A3B300FB35AC /* IOKit.framework */ = {isa = PBXFileReference; lastKnownFileType = wrapper.framework; name = IOKit.framework; path = System/Library/Frameworks/IOKit.framework; sourceTree = SDKROOT; };
/* End PBXFileReference section */

/* Begin PBXFrameworksBuildPhase section */
		0128A3911D84A12500FB35AC /* Frameworks */ = {
			isa = PBXFrameworksBuildPhase;
			buildActionMask = 2147483647;
			files = (
				0128A3A31D84A3B300FB35AC /* IOKit.framework in Frameworks */,
			);
			runOnlyForDeploymentPostprocessing = 0;
		};
/* End PBXFrameworksBuildPhase section */

/* Begin PBXGroup section */
		0128A38B1D84A12500FB35AC = {
			isa = PBXGroup;
			children = (
				0128A3A21D84A3B300FB35AC /* IOKit.framework */,
				0128A3961D84A12500FB35AC /* KeyManager */,
				0128A3951D84A12500FB35AC /* Products */,
			);
			sourceTree = "<group>";
		};
		0128A3951D84A12500FB35AC /* Products */ = {
			isa = PBXGroup;
			children = (
				0128A3941D84A12500FB35AC /* KeyManager */,
			);
			name = Products;
			sourceTree = "<group>";
		};
		0128A3961D84A12500FB35AC /* KeyManager */ = {
			isa = PBXGroup;
			children = (
				0128A3971D84A12500FB35AC /* main.swift */,
				0128A39F1D84A1BD00FB35AC /* Watcher.c */,
				0128A39E1D84A1BC00FB35AC /* KeyManager-Bridging-Header.h */,
			);
			path = KeyManager;
			sourceTree = "<group>";
		};
/* End PBXGroup section */

/* Begin PBXNativeTarget section */
		0128A3931D84A12500FB35AC /* KeyManager */ = {
			isa = PBXNativeTarget;
			buildConfigurationList = 0128A39B1D84A12500FB35AC /* Build configuration list for PBXNativeTarget "KeyManager" */;
			buildPhases = (
				0128A3901D84A12500FB35AC /* Sources */,
				0128A3911D84A12500FB35AC /* Frameworks */,
				0128A3921D84A12500FB35AC /* CopyFiles */,
			);
			buildRules = (
			);
			dependencies = (
			);
			name = KeyManager;
			productName = KeyManager;
			productReference = 0128A3941D84A12500FB35AC /* KeyManager */;
			productType = "com.apple.product-type.tool";
		};
/* End PBXNativeTarget section */

/* Begin PBXProject section */
		0128A38C1D84A12500FB35AC /* Project object */ = {
			isa = PBXProject;
			attributes = {
				LastSwiftUpdateCheck = 0730;
				LastUpgradeCheck = 0730;
				ORGANIZATIONNAME = "Samuel DeSota";
				TargetAttributes = {
					0128A3931D84A12500FB35AC = {
						CreatedOnToolsVersion = 7.3.1;
						LastSwiftMigration = 0800;
					};
				};
			};
			buildConfigurationList = 0128A38F1D84A12500FB35AC /* Build configuration list for PBXProject "KeyManager" */;
			compatibilityVersion = "Xcode 3.2";
			developmentRegion = English;
			hasScannedForEncodings = 0;
			knownRegions = (
				en,
			);
			mainGroup = 0128A38B1D84A12500FB35AC;
			productRefGroup = 0128A3951D84A12500FB35AC /* Products */;
			projectDirPath = "";
			projectRoot = "";
			targets = (
				0128A3931D84A12500FB35AC /* KeyManager */,
			);
		};
/* End PBXProject section */

/* Begin PBXSourcesBuildPhase section */
		0128A3901D84A12500FB35AC /* Sources */ = {
			isa = PBXSourcesBuildPhase;
			buildActionMask = 2147483647;
			files = (
				0128A3A11D84A1BD00FB35AC /* Watcher.c in Sources */,
				0128A3981D84A12500FB35AC /* main.swift in Sources */,
			);
			runOnlyForDeploymentPostprocessing = 0;
		};
/* End PBXSourcesBuildPhase section */

/* Begin XCBuildConfiguration section */
		0128A3991D84A12500FB35AC /* Debug */ = {
			isa = XCBuildConfiguration;
			buildSettings = {
				ALWAYS_SEARCH_USER_PATHS = NO;
				CLANG_ANALYZER_NONNULL = YES;
				CLANG_CXX_LANGUAGE_STANDARD = "gnu++0x";
				CLANG_CXX_LIBRARY = "libc++";
				CLANG_ENABLE_MODULES = YES;
				CLANG_ENABLE_OBJC_ARC = YES;
				CLANG_WARN_BOOL_CONVERSION = YES;
				CLANG_WARN_CONSTANT_CONVERSION = YES;
				CLANG_WARN_DIRECT_OBJC_ISA_USAGE = YES_ERROR;
				CLANG_WARN_EMPTY_BODY = YES;
				CLANG_WARN_ENUM_CONVERSION = YES;
				CLANG_WARN_INT_CONVERSION = YES;
				CLANG_WARN_OBJC_ROOT_CLASS = YES_ERROR;
				CLANG_WARN_UNREACHABLE_CODE = YES;
				CLANG_WARN__DUPLICATE_METHOD_MATCH = YES;
				CODE_SIGN_IDENTITY = "-";
				COPY_PHASE_STRIP = NO;
				DEBUG_INFORMATION_FORMAT = dwarf;
				ENABLE_STRICT_OBJC_MSGSEND = YES;
				ENABLE_TESTABILITY = YES;
				GCC_C_LANGUAGE_STANDARD = gnu99;
				GCC_DYNAMIC_NO_PIC = NO;
				GCC_NO_COMMON_BLOCKS = YES;
				GCC_OPTIMIZATION_LEVEL = 0;
				GCC_PREPROCESSOR_DEFINITIONS = (
					"DEBUG=1",
					"$(inherited)",
				);
				GCC_WARN_64_TO_32_BIT_CONVERSION = YES;
				GCC_WARN_ABOUT_RETURN_TYPE = YES_ERROR;
				GCC_WARN_UNDECLARED_SELECTOR = YES;
				GCC_WARN_UNINITIALIZED_AUTOS = YES_AGGRESSIVE;
				GCC_WARN_UNUSED_FUNCTION = YES;
				GCC_WARN_UNUSED_VARIABLE = YES;
				MACOSX_DEPLOYMENT_TARGET = 10.12;
				MTL_ENABLE_DEBUG_INFO = YES;
				ONLY_ACTIVE_ARCH = YES;
				SDKROOT = macosx;
				SWIFT_OPTIMIZATION_LEVEL = "-Onone";
			};
			name = Debug;
		};
		0128A39A1D84A12500FB35AC /* Release */ = {
			isa = XCBuildConfiguration;
			buildSettings = {
				ALWAYS_SEARCH_USER_PATHS = NO;
				CLANG_ANALYZER_NONNULL = YES;
				CLANG_CXX_LANGUAGE_STANDARD = "gnu++0x";
				CLANG_CXX_LIBRARY = "libc++";
				CLANG_ENABLE_MODULES = YES;
				CLANG_ENABLE_OBJC_ARC = YES;
				CLANG_WARN_BOOL_CONVERSION = YES;
				CLANG_WARN_CONSTANT_CONVERSION = YES;
				CLANG_WARN_DIRECT_OBJC_ISA_USAGE = YES_ERROR;
				CLANG_WARN_EMPTY_BODY = YES;
				CLANG_WARN_ENUM_CONVERSION = YES;
				CLANG_WARN_INT_CONVERSION = YES;
				CLANG_WARN_OBJC_ROOT_CLASS = YES_ERROR;
				CLANG_WARN_UNREACHABLE_CODE = YES;
				CLANG_WARN__DUPLICATE_METHOD_MATCH = YES;
				CODE_SIGN_IDENTITY = "-";
				COPY_PHASE_STRIP = NO;
				DEBUG_INFORMATION_FORMAT = "dwarf-with-dsym";
				ENABLE_NS_ASSERTIONS = NO;
				ENABLE_STRICT_OBJC_MSGSEND = YES;
				GCC_C_LANGUAGE_STANDARD = gnu99;
				GCC_NO_COMMON_BLOCKS = YES;
				GCC_WARN_64_TO_32_BIT_CONVERSION = YES;
				GCC_WARN_ABOUT_RETURN_TYPE = YES_ERROR;
				GCC_WARN_UNDECLARED_SELECTOR = YES;
				GCC_WARN_UNINITIALIZED_AUTOS = YES_AGGRESSIVE;
				GCC_WARN_UNUSED_FUNCTION = YES;
				GCC_WARN_UNUSED_VARIABLE = YES;
				MACOSX_DEPLOYMENT_TARGET = 10.12;
				MTL_ENABLE_DEBUG_INFO = NO;
				SDKROOT = macosx;
			};
			name = Release;
		};
		0128A39C1D84A12500FB35AC /* Debug */ = {
			isa = XCBuildConfiguration;
			buildSettings = {
				CLANG_ENABLE_MODULES = YES;
				LD_RUNPATH_SEARCH_PATHS = "$(inherited) @executable_path/../Frameworks @loader_path/../Frameworks";
				PRODUCT_NAME = "$(TARGET_NAME)";
				SWIFT_OBJC_BRIDGING_HEADER = "KeyManager/KeyManager-Bridging-Header.h";
				SWIFT_OPTIMIZATION_LEVEL = "-Onone";
				SWIFT_VERSION = 3.0;
			};
			name = Debug;
		};
		0128A39D1D84A12500FB35AC /* Release */ = {
			isa = XCBuildConfiguration;
			buildSettings = {
				CLANG_ENABLE_MODULES = YES;
				LD_RUNPATH_SEARCH_PATHS = "$(inherited) @executable_path/../Frameworks @loader_path/../Frameworks";
				PRODUCT_NAME = "$(TARGET_NAME)";
				SWIFT_OBJC_BRIDGING_HEADER = "KeyManager/KeyManager-Bridging-Header.h";
				SWIFT_VERSION = 3.0;
			};
			name = Release;
		};
/* End XCBuildConfiguration section */

/* Begin XCConfigurationList section */
		0128A38F1D84A12500FB35AC /* Build configuration list for PBXProject "KeyManager" */ = {
			isa = XCConfigurationList;
			buildConfigurations = (
				0128A3991D84A12500FB35AC /* Debug */,
				0128A39A1D84A12500FB35AC /* Release */,
			);
			defaultConfigurationIsVisible = 0;
			defaultConfigurationName = Release;
		};
		0128A39B1D84A12500FB35AC /* Build configuration list for PBXNativeTarget "KeyManager" */ = {
			isa = XCConfigurationList;
			buildConfigurations = (
				0128A39C1D84A12500FB35AC /* Debug */,
				0128A39D1D84A12500FB35AC /* Release */,
			);
			defaultConfigurationIsVisible = 0;
			defaultConfigurationName = Release;
		};
/* End XCConfigurationList section */
	};
	rootObject = 0128A38C1D84A12500FB35AC /* Project object */;
}
